github.com/go-crypt/x v0.4.11 h1:xD9HUB7cS3JUE5BgmCon1XrLC3sB7DueughNl3Wjj/U=
github.com/go-crypt/x v0.4.11/go.mod h1:W+qapAy/KRT/QQZvmtAvnrI5C/Rkdi8gPB8u6EjA2Y8=
github.com/tredoe/crypt v1.0.3 h1:GJ4cf/Mof301X2mjXi4JtpNF25+lrbQSvRSzg2RwgQA=
github.com/tredoe/crypt v1.0.3/go.mod h1:We7nlvfwI+61RpUORmkhKv1bthmjYlCrDJXaFxWqXsM=
golang.org/x/crypto v0.48.0 h1:/VRzVqiRSggnhY7gNRxPauEQ5Drw9haKdM0jqfcCFts=
golang.org/x/crypto v0.48.0/go.mod h1:r0kV5h3qnFPlQnBSrULhlsRfryS2pmewsg+XfMgkVos=
