github.com/tredoe/crypt v1.0.3 h1:GJ4cf/Mof301X2mjXi4JtpNF25+lrbQSvRSzg2RwgQA=
github.com/tredoe/crypt v1.0.3/go.mod h1:We7nlvfwI+61RpUORmkhKv1bthmjYlCrDJXaFxWqXsM=
golang.org/x/crypto v0.48.0 h1:/VRzVqiRSggnhY7gNRxPauEQ5Drw9haKdM0jqfcCFts=
golang.org/x/crypto v0.48.0/go.mod h1:r0kV5h3qnFPlQnBSrULhlsRfryS2pmewsg+XfMgkVos=
